
Microsoft Visual Studio Solution File, Format Version 12.00
# Visual Studio Version 17
VisualStudioVersion = 17.1.32407.343
MinimumVisualStudioVersion = 10.0.40219.1
Project("{FAE04EC0-301F-11D3-BF4B-00C04F79EFBC}") = "B1_IfElse", "B1_IfElse\B1_IfElse.csproj", "{A6A72CD2-9E0F-4965-BA96-89E863BD370F}"
EndProject
Project("{FAE04EC0-301F-11D3-BF4B-00C04F79EFBC}") = "B2_KtraChanLe", "B2_KtraChanLe\B2_KtraChanLe.csproj", "{235E399E-188D-45DD-83F9-207FDB822981}"
EndProject
Project("{FAE04EC0-301F-11D3-BF4B-00C04F79EFBC}") = "B3_KiemTraNamNhuan", "ConsoleApp1\B3_KiemTraNamNhuan.csproj", "{FA7B82D5-111A-46B9-B616-3BB182F5244F}"
EndProject
Project("{FAE04EC0-301F-11D3-BF4B-00C04F79EFBC}") = "Kiem_tra_tuoi", "Kiem_tra_tuoi\Kiem_tra_tuoi.csproj", "{1797655B-0DE2-4BB0-AE2B-70CB7D42B9A8}"
EndProject
Project("{FAE04EC0-301F-11D3-BF4B-00C04F79EFBC}") = "Kiem_tra_so_AD", "Kiem_tra_so_AD\Kiem_tra_so_AD.csproj", "{F82C0253-C59E-48AC-9DEE-51E53F502E80}"
EndProject
Project("{FAE04EC0-301F-11D3-BF4B-00C04F79EFBC}") = "Ktra_Chieu_Cao", "Ktra_Chieu_Cao\Ktra_Chieu_Cao.csproj", "{518BE283-9374-4A0D-8846-9C5F19E319E1}"
EndProject
Project("{FAE04EC0-301F-11D3-BF4B-00C04F79EFBC}") = "Ktra_Lon_be", "Ktra_Lon_be\Ktra_Lon_be.csproj", "{FAFE544B-01EF-48C0-9CE5-7F87D8F7FFC7}"
EndProject
Project("{FAE04EC0-301F-11D3-BF4B-00C04F79EFBC}") = "Ktra_diem", "Ktra_diem\Ktra_diem.csproj", "{ADE377C6-DBD8-4746-8D10-6DE2C77011C4}"
EndProject
Project("{FAE04EC0-301F-11D3-BF4B-00C04F79EFBC}") = "Pt_bac2", "Pt_bac2\Pt_bac2.csproj", "{DB2FBB29-69CD-48BC-B741-A71873B01AFF}"
EndProject
Project("{FAE04EC0-301F-11D3-BF4B-00C04F79EFBC}") = "Kiem_tra_Hoc_luc", "Ktra_nguyenam_phuam\Kiem_tra_Hoc_luc.csproj", "{6AD4F8FB-A222-4926-9C8E-FA42B991B483}"
EndProject
Project("{FAE04EC0-301F-11D3-BF4B-00C04F79EFBC}") = "ktra_Ngay", "ktra_Ngay\ktra_Ngay.csproj", "{6D4A10F7-1D69-4335-BA1D-914B13E97140}"
EndProject
Project("{FAE04EC0-301F-11D3-BF4B-00C04F79EFBC}") = "DienTichCacHinh", "DienTichCacHinh\DienTichCacHinh.csproj", "{D9763A2E-B4B1-4D9C-BC3C-62692716131C}"
EndProject
Project("{FAE04EC0-301F-11D3-BF4B-00C04F79EFBC}") = "Tinh_Hai_SoAB", "Tinh_Hai_SoAB\Tinh_Hai_SoAB.csproj", "{43AF4F24-7E85-465B-8567-BBECA45E3E66}"
EndProject
Project("{FAE04EC0-301F-11D3-BF4B-00C04F79EFBC}") = "Tinh_phanSo", "Tinh_phanSo\Tinh_phanSo.csproj", "{3E50861B-2ECC-4111-9E77-BEA9582102A2}"
EndProject
Global
	GlobalSection(SolutionConfigurationPlatforms) = preSolution
		Debug|Any CPU = Debug|Any CPU
		Release|Any CPU = Release|Any CPU
	EndGlobalSection
	GlobalSection(ProjectConfigurationPlatforms) = postSolution
		{A6A72CD2-9E0F-4965-BA96-89E863BD370F}.Debug|Any CPU.ActiveCfg = Debug|Any CPU
		{A6A72CD2-9E0F-4965-BA96-89E863BD370F}.Debug|Any CPU.Build.0 = Debug|Any CPU
		{A6A72CD2-9E0F-4965-BA96-89E863BD370F}.Release|Any CPU.ActiveCfg = Release|Any CPU
		{A6A72CD2-9E0F-4965-BA96-89E863BD370F}.Release|Any CPU.Build.0 = Release|Any CPU
		{235E399E-188D-45DD-83F9-207FDB822981}.Debug|Any CPU.ActiveCfg = Debug|Any CPU
		{235E399E-188D-45DD-83F9-207FDB822981}.Debug|Any CPU.Build.0 = Debug|Any CPU
		{235E399E-188D-45DD-83F9-207FDB822981}.Release|Any CPU.ActiveCfg = Release|Any CPU
		{235E399E-188D-45DD-83F9-207FDB822981}.Release|Any CPU.Build.0 = Release|Any CPU
		{FA7B82D5-111A-46B9-B616-3BB182F5244F}.Debug|Any CPU.ActiveCfg = Debug|Any CPU
		{FA7B82D5-111A-46B9-B616-3BB182F5244F}.Debug|Any CPU.Build.0 = Debug|Any CPU
		{FA7B82D5-111A-46B9-B616-3BB182F5244F}.Release|Any CPU.ActiveCfg = Release|Any CPU
		{FA7B82D5-111A-46B9-B616-3BB182F5244F}.Release|Any CPU.Build.0 = Release|Any CPU
		{1797655B-0DE2-4BB0-AE2B-70CB7D42B9A8}.Debug|Any CPU.ActiveCfg = Debug|Any CPU
		{1797655B-0DE2-4BB0-AE2B-70CB7D42B9A8}.Debug|Any CPU.Build.0 = Debug|Any CPU
		{1797655B-0DE2-4BB0-AE2B-70CB7D42B9A8}.Release|Any CPU.ActiveCfg = Release|Any CPU
		{1797655B-0DE2-4BB0-AE2B-70CB7D42B9A8}.Release|Any CPU.Build.0 = Release|Any CPU
		{F82C0253-C59E-48AC-9DEE-51E53F502E80}.Debug|Any CPU.ActiveCfg = Debug|Any CPU
		{F82C0253-C59E-48AC-9DEE-51E53F502E80}.Debug|Any CPU.Build.0 = Debug|Any CPU
		{F82C0253-C59E-48AC-9DEE-51E53F502E80}.Release|Any CPU.ActiveCfg = Release|Any CPU
		{F82C0253-C59E-48AC-9DEE-51E53F502E80}.Release|Any CPU.Build.0 = Release|Any CPU
		{518BE283-9374-4A0D-8846-9C5F19E319E1}.Debug|Any CPU.ActiveCfg = Debug|Any CPU
		{518BE283-9374-4A0D-8846-9C5F19E319E1}.Debug|Any CPU.Build.0 = Debug|Any CPU
		{518BE283-9374-4A0D-8846-9C5F19E319E1}.Release|Any CPU.ActiveCfg = Release|Any CPU
		{518BE283-9374-4A0D-8846-9C5F19E319E1}.Release|Any CPU.Build.0 = Release|Any CPU
		{FAFE544B-01EF-48C0-9CE5-7F87D8F7FFC7}.Debug|Any CPU.ActiveCfg = Debug|Any CPU
		{FAFE544B-01EF-48C0-9CE5-7F87D8F7FFC7}.Debug|Any CPU.Build.0 = Debug|Any CPU
		{FAFE544B-01EF-48C0-9CE5-7F87D8F7FFC7}.Release|Any CPU.ActiveCfg = Release|Any CPU
		{FAFE544B-01EF-48C0-9CE5-7F87D8F7FFC7}.Release|Any CPU.Build.0 = Release|Any CPU
		{ADE377C6-DBD8-4746-8D10-6DE2C77011C4}.Debug|Any CPU.ActiveCfg = Debug|Any CPU
		{ADE377C6-DBD8-4746-8D10-6DE2C77011C4}.Debug|Any CPU.Build.0 = Debug|Any CPU
		{ADE377C6-DBD8-4746-8D10-6DE2C77011C4}.Release|Any CPU.ActiveCfg = Release|Any CPU
		{ADE377C6-DBD8-4746-8D10-6DE2C77011C4}.Release|Any CPU.Build.0 = Release|Any CPU
		{DB2FBB29-69CD-48BC-B741-A71873B01AFF}.Debug|Any CPU.ActiveCfg = Debug|Any CPU
		{DB2FBB29-69CD-48BC-B741-A71873B01AFF}.Debug|Any CPU.Build.0 = Debug|Any CPU
		{DB2FBB29-69CD-48BC-B741-A71873B01AFF}.Release|Any CPU.ActiveCfg = Release|Any CPU
		{DB2FBB29-69CD-48BC-B741-A71873B01AFF}.Release|Any CPU.Build.0 = Release|Any CPU
		{6AD4F8FB-A222-4926-9C8E-FA42B991B483}.Debug|Any CPU.ActiveCfg = Debug|Any CPU
		{6AD4F8FB-A222-4926-9C8E-FA42B991B483}.Debug|Any CPU.Build.0 = Debug|Any CPU
		{6AD4F8FB-A222-4926-9C8E-FA42B991B483}.Release|Any CPU.ActiveCfg = Release|Any CPU
		{6AD4F8FB-A222-4926-9C8E-FA42B991B483}.Release|Any CPU.Build.0 = Release|Any CPU
		{6D4A10F7-1D69-4335-BA1D-914B13E97140}.Debug|Any CPU.ActiveCfg = Debug|Any CPU
		{6D4A10F7-1D69-4335-BA1D-914B13E97140}.Debug|Any CPU.Build.0 = Debug|Any CPU
		{6D4A10F7-1D69-4335-BA1D-914B13E97140}.Release|Any CPU.ActiveCfg = Release|Any CPU
		{6D4A10F7-1D69-4335-BA1D-914B13E97140}.Release|Any CPU.Build.0 = Release|Any CPU
		{D9763A2E-B4B1-4D9C-BC3C-62692716131C}.Debug|Any CPU.ActiveCfg = Debug|Any CPU
		{D9763A2E-B4B1-4D9C-BC3C-62692716131C}.Debug|Any CPU.Build.0 = Debug|Any CPU
		{D9763A2E-B4B1-4D9C-BC3C-62692716131C}.Release|Any CPU.ActiveCfg = Release|Any CPU
		{D9763A2E-B4B1-4D9C-BC3C-62692716131C}.Release|Any CPU.Build.0 = Release|Any CPU
		{43AF4F24-7E85-465B-8567-BBECA45E3E66}.Debug|Any CPU.ActiveCfg = Debug|Any CPU
		{43AF4F24-7E85-465B-8567-BBECA45E3E66}.Debug|Any CPU.Build.0 = Debug|Any CPU
		{43AF4F24-7E85-465B-8567-BBECA45E3E66}.Release|Any CPU.ActiveCfg = Release|Any CPU
		{43AF4F24-7E85-465B-8567-BBECA45E3E66}.Release|Any CPU.Build.0 = Release|Any CPU
		{3E50861B-2ECC-4111-9E77-BEA9582102A2}.Debug|Any CPU.ActiveCfg = Debug|Any CPU
		{3E50861B-2ECC-4111-9E77-BEA9582102A2}.Debug|Any CPU.Build.0 = Debug|Any CPU
		{3E50861B-2ECC-4111-9E77-BEA9582102A2}.Release|Any CPU.ActiveCfg = Release|Any CPU
		{3E50861B-2ECC-4111-9E77-BEA9582102A2}.Release|Any CPU.Build.0 = Release|Any CPU
	EndGlobalSection
	GlobalSection(SolutionProperties) = preSolution
		HideSolutionNode = FALSE
	EndGlobalSection
	GlobalSection(ExtensibilityGlobals) = postSolution
		SolutionGuid = {56DAFD48-1E07-4356-BC62-155516B22849}
	EndGlobalSection
EndGlobal
